
Microsoft Visual Studio Solution File, Format Version 12.00
# Visual Studio 15
VisualStudioVersion = 15.0.28307.329
MinimumVisualStudioVersion = 10.0.40219.1
Project("{FAE04EC0-301F-11D3-BF4B-00C04F79EFBC}") = "A00264688_RazvanRapcea_COMP3618_Assign3", "A00264688_RazvanRapcea_COMP3618_Assign3\A00264688_RazvanRapcea_COMP3618_Assign3.csproj", "{B4AEC90B-AA38-47B1-8723-C1BC18489769}"
EndProject
Global
	GlobalSection(SolutionConfigurationPlatforms) = preSolution
		Debug|Any CPU = Debug|Any CPU
		Release|Any CPU = Release|Any CPU
	EndGlobalSection
	GlobalSection(ProjectConfigurationPlatforms) = postSolution
		{B4AEC90B-AA38-47B1-8723-C1BC18489769}.Debug|Any CPU.ActiveCfg = Debug|Any CPU
		{B4AEC90B-AA38-47B1-8723-C1BC18489769}.Debug|Any CPU.Build.0 = Debug|Any CPU
		{B4AEC90B-AA38-47B1-8723-C1BC18489769}.Release|Any CPU.ActiveCfg = Release|Any CPU
		{B4AEC90B-AA38-47B1-8723-C1BC18489769}.Release|Any CPU.Build.0 = Release|Any CPU
	EndGlobalSection
	GlobalSection(SolutionProperties) = preSolution
		HideSolutionNode = FALSE
	EndGlobalSection
	GlobalSection(ExtensibilityGlobals) = postSolution
		SolutionGuid = {50537155-5A83-447F-BC92-CE55DAA84F80}
	EndGlobalSection
EndGlobal
